
Microsoft Visual Studio Solution File, Format Version 12.00
# Visual Studio Version 16
VisualStudioVersion = 16.0.30309.148
MinimumVisualStudioVersion = 10.0.40219.1
Project("{9A19103F-16F7-4668-BE54-9A1E7A4F7556}") = "EFGetStarted", "EFGetStarted\EFGetStarted.csproj", "{C5E0B244-3DE8-4DDD-BB25-A362106AA87E}"
EndProject
Project("{9A19103F-16F7-4668-BE54-9A1E7A4F7556}") = "XUnitTestProject1", "XUnitTestProject1\XUnitTestProject1.csproj", "{9FB11E95-CE70-42F1-AD7C-703E269631DE}"
EndProject
Global
	GlobalSection(SolutionConfigurationPlatforms) = preSolution
		Debug|Any CPU = Debug|Any CPU
		Release|Any CPU = Release|Any CPU
	EndGlobalSection
	GlobalSection(ProjectConfigurationPlatforms) = postSolution
		{C5E0B244-3DE8-4DDD-BB25-A362106AA87E}.Debug|Any CPU.ActiveCfg = Debug|Any CPU
		{C5E0B244-3DE8-4DDD-BB25-A362106AA87E}.Debug|Any CPU.Build.0 = Debug|Any CPU
		{C5E0B244-3DE8-4DDD-BB25-A362106AA87E}.Release|Any CPU.ActiveCfg = Release|Any CPU
		{C5E0B244-3DE8-4DDD-BB25-A362106AA87E}.Release|Any CPU.Build.0 = Release|Any CPU
		{9FB11E95-CE70-42F1-AD7C-703E269631DE}.Debug|Any CPU.ActiveCfg = Debug|Any CPU
		{9FB11E95-CE70-42F1-AD7C-703E269631DE}.Debug|Any CPU.Build.0 = Debug|Any CPU
		{9FB11E95-CE70-42F1-AD7C-703E269631DE}.Release|Any CPU.ActiveCfg = Release|Any CPU
		{9FB11E95-CE70-42F1-AD7C-703E269631DE}.Release|Any CPU.Build.0 = Release|Any CPU
	EndGlobalSection
	GlobalSection(SolutionProperties) = preSolution
		HideSolutionNode = FALSE
	EndGlobalSection
	GlobalSection(ExtensibilityGlobals) = postSolution
		SolutionGuid = {536E5E82-5061-4842-B669-0CF1B06F1B59}
	EndGlobalSection
EndGlobal
